dependencies:
- name: service-account
  repository: https://ibm-garage-cloud.github.io/toolkit-charts/
  version: 0.4.0
- name: sonarqube
  repository: https://oteemo.github.io/charts
  version: 6.6.0
- name: ocp-route
  repository: https://ibm-garage-cloud.github.io/toolkit-charts/
  version: 0.3.0
- name: tool-config
  repository: https://ibm-garage-cloud.github.io/toolkit-charts/
  version: 0.9.0
- name: setup-job
  repository: https://ibm-garage-cloud.github.io/toolkit-charts/
  version: 0.1.7
digest: sha256:fce846fdaffdc34f2ca5dc0bbc0c01981a6a0ba6dd2e4965b1fa04d19f2ef651
generated: "2020-08-20T00:20:48.233026-05:00"
