dependencies:
- name: service-account
  repository: https://ibm-garage-cloud.github.io/toolkit-charts/
  version: 0.4.0
- name: sonarqube
  repository: https://oteemo.github.io/charts
  version: 6.4.2
- name: ocp-route
  repository: https://ibm-garage-cloud.github.io/toolkit-charts/
  version: 0.3.0
- name: tool-config
  repository: https://ibm-garage-cloud.github.io/toolkit-charts/
  version: 0.5.0
digest: sha256:1372e6579c8ebbfb4dcce71449ef5fb59feace27b26404bb3ba806ae22540b36
generated: "2020-06-25T02:06:52.783124-05:00"
