dependencies:
- name: service-account
  repository: https://ibm-garage-cloud.github.io/toolkit-charts/
  version: 0.4.0
- name: sonarqube
  repository: https://oteemo.github.io/charts
  version: 6.4.2
- name: ocp-route
  repository: https://ibm-garage-cloud.github.io/toolkit-charts/
  version: 0.3.0
- name: tool-config
  repository: https://ibm-garage-cloud.github.io/toolkit-charts/
  version: 0.7.0
digest: sha256:35202f77f1f86b9435790f006453f697be35a87abf4fb60583b46ee16eaf9eb7
generated: "2020-07-08T16:32:32.294809-05:00"
